# generated by rye
# use `rye lock` or `rye sync` to update this lockfile
#
# last locked with the following flags:
#   pre: false
#   features: []
#   all-features: false
#   with-sources: false
#   generate-hashes: false
#   universal: false

-e file:.
alabaster==0.7.13
    # via sphinx
amqp==5.2.0
    # via kombu
asttokens==2.4.1
    # via stack-data
attrs==23.2.0
    # via hypothesis
babel==2.15.0
    # via sphinx
backcall==0.2.0
    # via ipython
backports-zoneinfo==0.2.1
    # via celery
    # via kombu
beautifulsoup4==4.12.3
    # via furo
billiard==4.2.0
    # via celery
celery==5.4.0
    # via xoeuf
certifi==2024.7.4
    # via requests
charset-normalizer==3.3.2
    # via requests
click==8.1.7
    # via celery
    # via click-didyoumean
    # via click-plugins
    # via click-repl
click-didyoumean==0.3.1
    # via celery
click-plugins==1.1.1
    # via celery
click-repl==0.3.0
    # via celery
coverage==7.4.4
decorator==4.1.2
    # via ipdb
    # via ipython
    # via xoeuf
docutils==0.20.1
    # via sphinx
executing==2.0.1
    # via stack-data
expiringdict==1.2.2
    # via xoeuf
furo==2024.7.18
hypothesis==6.37.2
idna==3.7
    # via requests
imagesize==1.4.1
    # via sphinx
importlib-metadata==8.0.0
    # via sphinx
ipdb==0.13.13
ipython==8.12.3
    # via ipdb
    # via xoeuf
isort==5.13.2
jedi==0.19.1
    # via ipython
jinja2==3.1.4
    # via sphinx
kombu==5.3.7
    # via celery
markupsafe==2.1.5
    # via jinja2
matplotlib-inline==0.1.7
    # via ipython
mypy==1.11.0
mypy-extensions==1.0.0
    # via mypy
packaging==24.1
    # via sphinx
    # via xotl-tools
parso==0.8.4
    # via jedi
pexpect==4.9.0
    # via ipython
pickleshare==0.7.5
    # via ipython
prompt-toolkit==3.0.47
    # via click-repl
    # via ipython
ptyprocess==0.7.0
    # via pexpect
pure-eval==0.2.3
    # via stack-data
pygments==2.18.0
    # via furo
    # via ipython
    # via sphinx
python-dateutil==2.9.0.post0
    # via celery
pytz==2024.1
    # via babel
    # via xoeuf
requests==2.32.3
    # via sphinx
ruff==0.5.3
six==1.16.0
    # via asttokens
    # via python-dateutil
snowballstemmer==2.2.0
    # via sphinx
sortedcontainers==2.4.0
    # via hypothesis
soupsieve==2.5
    # via beautifulsoup4
sphinx==7.1.2
    # via furo
    # via sphinx-basic-ng
sphinx-basic-ng==1.0.0b2
    # via furo
sphinxcontrib-applehelp==1.0.4
    # via sphinx
sphinxcontrib-devhelp==1.0.2
    # via sphinx
sphinxcontrib-htmlhelp==2.0.1
    # via sphinx
sphinxcontrib-jsmath==1.0.1
    # via sphinx
sphinxcontrib-qthelp==1.0.3
    # via sphinx
sphinxcontrib-serializinghtml==1.1.5
    # via sphinx
stack-data==0.6.3
    # via ipython
tomli==2.0.1
    # via coverage
    # via ipdb
    # via mypy
traitlets==5.14.3
    # via ipython
    # via matplotlib-inline
typing-extensions==4.12.2
    # via ipython
    # via kombu
    # via mypy
    # via xoeuf
    # via xotl-tools
tzdata==2024.1
    # via backports-zoneinfo
    # via celery
urllib3==2.2.2
    # via requests
vine==5.1.0
    # via amqp
    # via celery
    # via kombu
wcwidth==0.2.13
    # via prompt-toolkit
xotl-tools==3.2.0
    # via xoeuf
zipp==3.19.2
    # via importlib-metadata
