lockfileVersion: "9.0"

settings:
  autoInstallPeers: true
  excludeLinksFromLockfile: false

importers:
  .:
    dependencies:
      "@wh1sper/yflow":
        specifier: workspace:../javascript
        version: link:../javascript
      "@xyflow/react":
        specifier: ^12.0.3
        version: 12.0.3(react-dom@18.3.1(react@18.3.1))(react@18.3.1)
      ws:
        specifier: ^8.18.0
        version: 8.18.0

packages:
  "@types/d3-color@3.1.3":
    resolution:
      {
        integrity: sha512-iO90scth9WAbmgv7ogoq57O9YpKmFBbmoEoCHDB2xMBY0+/KVrqAaCDyCE16dUspeOvIxFFRI+0sEtqDqy2b4A==,
      }

  "@types/d3-drag@3.0.7":
    resolution:
      {
        integrity: sha512-HE3jVKlzU9AaMazNufooRJ5ZpWmLIoc90A37WU2JMmeq28w1FQqCZswHZ3xR+SuxYftzHq6WU6KJHvqxKzTxxQ==,
      }

  "@types/d3-interpolate@3.0.4":
    resolution:
      {
        integrity: sha512-mgLPETlrpVV1YRJIglr4Ez47g7Yxjl1lj7YKsiMCb27VJH9W8NVM6Bb9d8kkpG/uAQS5AmbA48q2IAolKKo1MA==,
      }

  "@types/d3-selection@3.0.10":
    resolution:
      {
        integrity: sha512-cuHoUgS/V3hLdjJOLTT691+G2QoqAjCVLmr4kJXR4ha56w1Zdu8UUQ5TxLRqudgNjwXeQxKMq4j+lyf9sWuslg==,
      }

  "@types/d3-transition@3.0.8":
    resolution:
      {
        integrity: sha512-ew63aJfQ/ms7QQ4X7pk5NxQ9fZH/z+i24ZfJ6tJSfqxJMrYLiK01EAs2/Rtw/JreGUsS3pLPNV644qXFGnoZNQ==,
      }

  "@types/d3-zoom@3.0.8":
    resolution:
      {
        integrity: sha512-iqMC4/YlFCSlO8+2Ii1GGGliCAY4XdeG748w5vQUbevlbDu0zSjH/+jojorQVBK/se0j6DUFNPBGSqD3YWYnDw==,
      }

  "@xyflow/react@12.0.3":
    resolution:
      {
        integrity: sha512-PJB9ARsyDesjS9fY3b62mm36nHx9aRA8tvUc5y0ubrMkSCvQRECkOamVDyx+u65UgUkZCgcO/KFdXPdbTWwaJQ==,
      }
    peerDependencies:
      react: ">=17"
      react-dom: ">=17"

  "@xyflow/system@0.0.37":
    resolution:
      {
        integrity: sha512-hSIhezhxgftPUpC+xiQVIorcRILZUOWlLjpYPTyGWRu8s4RJvM4GqvrsFmD5OnMKXLgpU7/PqqUibDVO67oWQQ==,
      }

  classcat@5.0.5:
    resolution:
      {
        integrity: sha512-JhZUT7JFcQy/EzW605k/ktHtncoo9vnyW/2GspNYwFlN1C/WmjuV/xtS04e9SOkL2sTdw0VAZ2UGCcQ9lR6p6w==,
      }

  d3-color@3.1.0:
    resolution:
      {
        integrity: sha512-zg/chbXyeBtMQ1LbD/WSoW2DpC3I0mpmPdW+ynRTj/x2DAWYrIY7qeZIHidozwV24m4iavr15lNwIwLxRmOxhA==,
      }
    engines: { node: ">=12" }

  d3-dispatch@3.0.1:
    resolution:
      {
        integrity: sha512-rzUyPU/S7rwUflMyLc1ETDeBj0NRuHKKAcvukozwhshr6g6c5d8zh4c2gQjY2bZ0dXeGLWc1PF174P2tVvKhfg==,
      }
    engines: { node: ">=12" }

  d3-drag@3.0.0:
    resolution:
      {
        integrity: sha512-pWbUJLdETVA8lQNJecMxoXfH6x+mO2UQo8rSmZ+QqxcbyA3hfeprFgIT//HW2nlHChWeIIMwS2Fq+gEARkhTkg==,
      }
    engines: { node: ">=12" }

  d3-ease@3.0.1:
    resolution:
      {
        integrity: sha512-wR/XK3D3XcLIZwpbvQwQ5fK+8Ykds1ip7A2Txe0yxncXSdq1L9skcG7blcedkOX+ZcgxGAmLX1FrRGbADwzi0w==,
      }
    engines: { node: ">=12" }

  d3-interpolate@3.0.1:
    resolution:
      {
        integrity: sha512-3bYs1rOD33uo8aqJfKP3JWPAibgw8Zm2+L9vBKEHJ2Rg+viTR7o5Mmv5mZcieN+FRYaAOWX5SJATX6k1PWz72g==,
      }
    engines: { node: ">=12" }

  d3-selection@3.0.0:
    resolution:
      {
        integrity: sha512-fmTRWbNMmsmWq6xJV8D19U/gw/bwrHfNXxrIN+HfZgnzqTHp9jOmKMhsTUjXOJnZOdZY9Q28y4yebKzqDKlxlQ==,
      }
    engines: { node: ">=12" }

  d3-timer@3.0.1:
    resolution:
      {
        integrity: sha512-ndfJ/JxxMd3nw31uyKoY2naivF+r29V+Lc0svZxe1JvvIRmi8hUsrMvdOwgS1o6uBHmiz91geQ0ylPP0aj1VUA==,
      }
    engines: { node: ">=12" }

  d3-transition@3.0.1:
    resolution:
      {
        integrity: sha512-ApKvfjsSR6tg06xrL434C0WydLr7JewBB3V+/39RMHsaXTOG0zmt/OAXeng5M5LBm0ojmxJrpomQVZ1aPvBL4w==,
      }
    engines: { node: ">=12" }
    peerDependencies:
      d3-selection: 2 - 3

  d3-zoom@3.0.0:
    resolution:
      {
        integrity: sha512-b8AmV3kfQaqWAuacbPuNbL6vahnOJflOhexLzMMNLga62+/nh0JzvJ0aO/5a5MVgUFGS7Hu1P9P03o3fJkDCyw==,
      }
    engines: { node: ">=12" }

  js-tokens@4.0.0:
    resolution:
      {
        integrity: sha512-RdJUflcE3cUzKiMqQgsCu06FPu9UdIJO0beYbPhHN4k6apgJtifcoCtT9bcxOpYBtpD2kCM6Sbzg4CausW/PKQ==,
      }

  loose-envify@1.4.0:
    resolution:
      {
        integrity: sha512-lyuxPGr/Wfhrlem2CL/UcnUc1zcqKAImBDzukY7Y5F/yQiNdko6+fRLevlw1HgMySw7f611UIY408EtxRSoK3Q==,
      }
    hasBin: true

  react-dom@18.3.1:
    resolution:
      {
        integrity: sha512-5m4nQKp+rZRb09LNH59GM4BxTh9251/ylbKIbpe7TpGxfJ+9kv6BLkLBXIjjspbgbnIBNqlI23tRnTWT0snUIw==,
      }
    peerDependencies:
      react: ^18.3.1

  react@18.3.1:
    resolution:
      {
        integrity: sha512-wS+hAgJShR0KhEvPJArfuPVN1+Hz1t0Y6n5jLrGQbkb4urgPE/0Rve+1kMB1v/oWgHgm4WIcV+i7F2pTVj+2iQ==,
      }
    engines: { node: ">=0.10.0" }

  scheduler@0.23.2:
    resolution:
      {
        integrity: sha512-UOShsPwz7NrMUqhR6t0hWjFduvOzbtv7toDH1/hIrfRNIDBnnBWd0CwJTGvTpngVlmwGCdP9/Zl/tVrDqcuYzQ==,
      }

  use-sync-external-store@1.2.0:
    resolution:
      {
        integrity: sha512-eEgnFxGQ1Ife9bzYs6VLi8/4X6CObHMw9Qr9tPY43iKwsPw8xE8+EFsf/2cFZ5S3esXgpWgtSCtLNS41F+sKPA==,
      }
    peerDependencies:
      react: ^16.8.0 || ^17.0.0 || ^18.0.0

  ws@8.18.0:
    resolution:
      {
        integrity: sha512-8VbfWfHLbbwu3+N6OKsOMpBdT4kXPDDB9cJk2bJ6mh9ucxdlnNvH1e+roYkKmN9Nxw2yjz7VzeO9oOz2zJ04Pw==,
      }
    engines: { node: ">=10.0.0" }
    peerDependencies:
      bufferutil: ^4.0.1
      utf-8-validate: ">=5.0.2"
    peerDependenciesMeta:
      bufferutil:
        optional: true
      utf-8-validate:
        optional: true

  zustand@4.5.4:
    resolution:
      {
        integrity: sha512-/BPMyLKJPtFEvVL0E9E9BTUM63MNyhPGlvxk1XjrfWTUlV+BR8jufjsovHzrtR6YNcBEcL7cMHovL1n9xHawEg==,
      }
    engines: { node: ">=12.7.0" }
    peerDependencies:
      "@types/react": ">=16.8"
      immer: ">=9.0.6"
      react: ">=16.8"
    peerDependenciesMeta:
      "@types/react":
        optional: true
      immer:
        optional: true
      react:
        optional: true

snapshots:
  "@types/d3-color@3.1.3": {}

  "@types/d3-drag@3.0.7":
    dependencies:
      "@types/d3-selection": 3.0.10

  "@types/d3-interpolate@3.0.4":
    dependencies:
      "@types/d3-color": 3.1.3

  "@types/d3-selection@3.0.10": {}

  "@types/d3-transition@3.0.8":
    dependencies:
      "@types/d3-selection": 3.0.10

  "@types/d3-zoom@3.0.8":
    dependencies:
      "@types/d3-interpolate": 3.0.4
      "@types/d3-selection": 3.0.10

  "@xyflow/react@12.0.3(react-dom@18.3.1(react@18.3.1))(react@18.3.1)":
    dependencies:
      "@xyflow/system": 0.0.37
      classcat: 5.0.5
      react: 18.3.1
      react-dom: 18.3.1(react@18.3.1)
      zustand: 4.5.4(react@18.3.1)
    transitivePeerDependencies:
      - "@types/react"
      - immer

  "@xyflow/system@0.0.37":
    dependencies:
      "@types/d3-drag": 3.0.7
      "@types/d3-selection": 3.0.10
      "@types/d3-transition": 3.0.8
      "@types/d3-zoom": 3.0.8
      d3-drag: 3.0.0
      d3-selection: 3.0.0
      d3-zoom: 3.0.0

  classcat@5.0.5: {}

  d3-color@3.1.0: {}

  d3-dispatch@3.0.1: {}

  d3-drag@3.0.0:
    dependencies:
      d3-dispatch: 3.0.1
      d3-selection: 3.0.0

  d3-ease@3.0.1: {}

  d3-interpolate@3.0.1:
    dependencies:
      d3-color: 3.1.0

  d3-selection@3.0.0: {}

  d3-timer@3.0.1: {}

  d3-transition@3.0.1(d3-selection@3.0.0):
    dependencies:
      d3-color: 3.1.0
      d3-dispatch: 3.0.1
      d3-ease: 3.0.1
      d3-interpolate: 3.0.1
      d3-selection: 3.0.0
      d3-timer: 3.0.1

  d3-zoom@3.0.0:
    dependencies:
      d3-dispatch: 3.0.1
      d3-drag: 3.0.0
      d3-interpolate: 3.0.1
      d3-selection: 3.0.0
      d3-transition: 3.0.1(d3-selection@3.0.0)

  js-tokens@4.0.0: {}

  loose-envify@1.4.0:
    dependencies:
      js-tokens: 4.0.0

  react-dom@18.3.1(react@18.3.1):
    dependencies:
      loose-envify: 1.4.0
      react: 18.3.1
      scheduler: 0.23.2

  react@18.3.1:
    dependencies:
      loose-envify: 1.4.0

  scheduler@0.23.2:
    dependencies:
      loose-envify: 1.4.0

  use-sync-external-store@1.2.0(react@18.3.1):
    dependencies:
      react: 18.3.1

  ws@8.18.0: {}

  zustand@4.5.4(react@18.3.1):
    dependencies:
      use-sync-external-store: 1.2.0(react@18.3.1)
    optionalDependencies:
      react: 18.3.1
