# This file is @generated by PDM.
# It is not intended for manual editing.

[metadata]
groups = ["default", "dev"]
strategy = ["inherit_metadata"]
lock_version = "4.5.0"
content_hash = "sha256:d7627634d0413bbb720a2928825dd71cbd9b82006e309ad6c08f4c6b32a7044c"

[[metadata.targets]]
requires_python = ">=3.10"

[[package]]
name = "argcomplete"
version = "3.4.0"
requires_python = ">=3.8"
summary = "Bash tab completion for argparse"
groups = ["dev"]
files = [
    {file = "argcomplete-3.4.0-py3-none-any.whl", hash = "sha256:69a79e083a716173e5532e0fa3bef45f793f4e61096cf52b5a42c0211c8b8aa5"},
    {file = "argcomplete-3.4.0.tar.gz", hash = "sha256:c2abcdfe1be8ace47ba777d4fce319eb13bf8ad9dace8d085dcad6eded88057f"},
]

[[package]]
name = "cfgv"
version = "3.4.0"
requires_python = ">=3.8"
summary = "Validate configuration and produce human readable error messages."
groups = ["dev"]
files = [
    {file = "cfgv-3.4.0-py2.py3-none-any.whl", hash = "sha256:b7265b1f29fd3316bfcd2b330d63d024f2bfd8bcb8b0272f8e19a504856c48f9"},
    {file = "cfgv-3.4.0.tar.gz", hash = "sha256:e52591d4c5f5dead8e0f673fb16db7949d2cfb3f7da4582893288f0ded8fe560"},
]

[[package]]
name = "colorama"
version = "0.4.6"
requires_python = "!=3.0.*,!=3.1.*,!=3.2.*,!=3.3.*,!=3.4.*,!=3.5.*,!=3.6.*,>=2.7"
summary = "Cross-platform colored terminal text."
groups = ["dev"]
marker = "sys_platform == \"win32\""
files = [
    {file = "colorama-0.4.6-py2.py3-none-any.whl", hash = "sha256:4f1d9991f5acc0ca119f9d443620b77f9d6b33703e51011c16baf57afb285fc6"},
    {file = "colorama-0.4.6.tar.gz", hash = "sha256:08695f5cb7ed6e0531a20572697297273c47b8cae5a63ffc6d6ed5c201be6e44"},
]

[[package]]
name = "colorlog"
version = "6.8.2"
requires_python = ">=3.6"
summary = "Add colours to the output of Python's logging module."
groups = ["dev"]
dependencies = [
    "colorama; sys_platform == \"win32\"",
]
files = [
    {file = "colorlog-6.8.2-py3-none-any.whl", hash = "sha256:4dcbb62368e2800cb3c5abd348da7e53f6c362dda502ec27c560b2e58a66bd33"},
    {file = "colorlog-6.8.2.tar.gz", hash = "sha256:3e3e079a41feb5a1b64f978b5ea4f46040a94f11f0e8bbb8261e3dbbeca64d44"},
]

[[package]]
name = "distlib"
version = "0.3.8"
summary = "Distribution utilities"
groups = ["dev"]
files = [
    {file = "distlib-0.3.8-py2.py3-none-any.whl", hash = "sha256:034db59a0b96f8ca18035f36290806a9a6e6bd9d1ff91e45a7f172eb17e51784"},
    {file = "distlib-0.3.8.tar.gz", hash = "sha256:1530ea13e350031b6312d8580ddb6b27a104275a31106523b8f123787f494f64"},
]

[[package]]
name = "exceptiongroup"
version = "1.2.2"
requires_python = ">=3.7"
summary = "Backport of PEP 654 (exception groups)"
groups = ["dev"]
marker = "python_version < \"3.11\""
files = [
    {file = "exceptiongroup-1.2.2-py3-none-any.whl", hash = "sha256:3111b9d131c238bec2f8f516e123e14ba243563fb135d3fe885990585aa7795b"},
    {file = "exceptiongroup-1.2.2.tar.gz", hash = "sha256:47c2edf7c6738fafb49fd34290706d1a1a2f4d1c6df275526b62cbb4aa5393cc"},
]

[[package]]
name = "filelock"
version = "3.15.4"
requires_python = ">=3.8"
summary = "A platform independent file lock."
groups = ["dev"]
files = [
    {file = "filelock-3.15.4-py3-none-any.whl", hash = "sha256:6ca1fffae96225dab4c6eaf1c4f4f28cd2568d3ec2a44e15a08520504de468e7"},
    {file = "filelock-3.15.4.tar.gz", hash = "sha256:2207938cbc1844345cb01a5a95524dae30f0ce089eba5b00378295a17e3e90cb"},
]

[[package]]
name = "identify"
version = "2.6.0"
requires_python = ">=3.8"
summary = "File identification library for Python"
groups = ["dev"]
files = [
    {file = "identify-2.6.0-py2.py3-none-any.whl", hash = "sha256:e79ae4406387a9d300332b5fd366d8994f1525e8414984e1a59e058b2eda2dd0"},
    {file = "identify-2.6.0.tar.gz", hash = "sha256:cb171c685bdc31bcc4c1734698736a7d5b6c8bf2e0c15117f4d469c8640ae5cf"},
]

[[package]]
name = "iniconfig"
version = "2.0.0"
requires_python = ">=3.7"
summary = "brain-dead simple config-ini parsing"
groups = ["dev"]
files = [
    {file = "iniconfig-2.0.0-py3-none-any.whl", hash = "sha256:b6a85871a79d2e3b22d2d1b94ac2824226a63c6b741c88f7ae975f18b6778374"},
    {file = "iniconfig-2.0.0.tar.gz", hash = "sha256:2d91e135bf72d31a410b17c16da610a82cb55f6b0477d1a902134b24a455b8b3"},
]

[[package]]
name = "maturin"
version = "1.7.0"
requires_python = ">=3.7"
summary = "Build and publish crates with pyo3, cffi and uniffi bindings as well as rust binaries as python packages"
groups = ["default"]
dependencies = [
    "tomli>=1.1.0; python_version < \"3.11\"",
]
files = [
    {file = "maturin-1.7.0-py3-none-linux_armv6l.whl", hash = "sha256:15fe7920391a128897714f6ed38ebbc771150410b795a55cefca73f089d5aecb"},
    {file = "maturin-1.7.0-py3-none-macosx_10_12_x86_64.macosx_11_0_arm64.macosx_10_12_universal2.whl", hash = "sha256:87a1fae70f1a6ad694832c735abf9f010edc4971c5cf89d2e7a54651a1a3792a"},
    {file = "maturin-1.7.0-py3-none-macosx_10_12_x86_64.whl", hash = "sha256:6fd312c56846d3cafa7c45e362d96b526170e79b9adb5b8ea02a10c88906069c"},
    {file = "maturin-1.7.0-py3-none-manylinux_2_12_i686.manylinux2010_i686.musllinux_1_1_i686.whl", hash = "sha256:928b82ceba924b1642c53f6684271e814b5ce5049cb4d35ff36bed078837eb83"},
    {file = "maturin-1.7.0-py3-none-manylinux_2_12_x86_64.manylinux2010_x86_64.musllinux_1_1_x86_64.whl", hash = "sha256:7460122333971b2492154c102d2981ae337ae0486dde7f4df7e645d724de59a5"},
    {file = "maturin-1.7.0-py3-none-manylinux_2_17_aarch64.manylinux2014_aarch64.musllinux_1_1_aarch64.whl", hash = "sha256:1f521ebe0344db8260df0d12779aefc06c1f763cd654151cf4a238fe14f65dc1"},
    {file = "maturin-1.7.0-py3-none-manylinux_2_17_armv7l.manylinux2014_armv7l.musllinux_1_1_armv7l.whl", hash = "sha256:0af4f2a4cfb99206d414dec138dd3aac3f506eb8928b7e38dfac570461b393d6"},
    {file = "maturin-1.7.0-py3-none-manylinux_2_17_ppc64le.manylinux2014_ppc64le.musllinux_1_1_ppc64le.whl", hash = "sha256:29187d5c3e1e166c14eaadc63a8adc25b6bbb3e5b055d1bc87f6ca92b4b6e331"},
    {file = "maturin-1.7.0-py3-none-manylinux_2_17_s390x.manylinux2014_s390x.whl", hash = "sha256:e9cd5b992b6c131c5f47c85e7bc266bf5bf94f29720856678431ce6c91b726df"},
    {file = "maturin-1.7.0-py3-none-win32.whl", hash = "sha256:c1ae0b4162fb1152aea83098bf1b66a7bf6dd73fd1b108e6c4e22160118a997c"},
    {file = "maturin-1.7.0-py3-none-win_amd64.whl", hash = "sha256:2bd8227e020a9308c076253f29224c53b08b2a4ed41fcd94b4eb9349684fcfe7"},
    {file = "maturin-1.7.0-py3-none-win_arm64.whl", hash = "sha256:7c05226547778f31b73d48a19d11f57792bcc44f4047b84c73ea66cae2e62473"},
    {file = "maturin-1.7.0.tar.gz", hash = "sha256:1ba5277dd7832dc6181d69a005182b97b3520945825058484ffd9296f2efb59c"},
]

[[package]]
name = "mypy"
version = "1.11.0"
requires_python = ">=3.8"
summary = "Optional static typing for Python"
groups = ["dev"]
dependencies = [
    "mypy-extensions>=1.0.0",
    "tomli>=1.1.0; python_version < \"3.11\"",
    "typing-extensions>=4.6.0",
]
files = [
    {file = "mypy-1.11.0-cp310-cp310-macosx_10_9_x86_64.whl", hash = "sha256:a3824187c99b893f90c845bab405a585d1ced4ff55421fdf5c84cb7710995229"},
    {file = "mypy-1.11.0-cp310-cp310-macosx_11_0_arm64.whl", hash = "sha256:96f8dbc2c85046c81bcddc246232d500ad729cb720da4e20fce3b542cab91287"},
    {file = "mypy-1.11.0-cp310-cp310-manylinux_2_17_x86_64.manylinux2014_x86_64.manylinux_2_28_x86_64.whl", hash = "sha256:1a5d8d8dd8613a3e2be3eae829ee891b6b2de6302f24766ff06cb2875f5be9c6"},
    {file = "mypy-1.11.0-cp310-cp310-musllinux_1_1_x86_64.whl", hash = "sha256:72596a79bbfb195fd41405cffa18210af3811beb91ff946dbcb7368240eed6be"},
    {file = "mypy-1.11.0-cp310-cp310-win_amd64.whl", hash = "sha256:35ce88b8ed3a759634cb4eb646d002c4cef0a38f20565ee82b5023558eb90c00"},
    {file = "mypy-1.11.0-cp311-cp311-macosx_10_9_x86_64.whl", hash = "sha256:98790025861cb2c3db8c2f5ad10fc8c336ed2a55f4daf1b8b3f877826b6ff2eb"},
    {file = "mypy-1.11.0-cp311-cp311-macosx_11_0_arm64.whl", hash = "sha256:25bcfa75b9b5a5f8d67147a54ea97ed63a653995a82798221cca2a315c0238c1"},
    {file = "mypy-1.11.0-cp311-cp311-manylinux_2_17_x86_64.manylinux2014_x86_64.manylinux_2_28_x86_64.whl", hash = "sha256:0bea2a0e71c2a375c9fa0ede3d98324214d67b3cbbfcbd55ac8f750f85a414e3"},
    {file = "mypy-1.11.0-cp311-cp311-musllinux_1_1_x86_64.whl", hash = "sha256:d2b3d36baac48e40e3064d2901f2fbd2a2d6880ec6ce6358825c85031d7c0d4d"},
    {file = "mypy-1.11.0-cp311-cp311-win_amd64.whl", hash = "sha256:d8e2e43977f0e09f149ea69fd0556623919f816764e26d74da0c8a7b48f3e18a"},
    {file = "mypy-1.11.0-cp312-cp312-macosx_10_9_x86_64.whl", hash = "sha256:1d44c1e44a8be986b54b09f15f2c1a66368eb43861b4e82573026e04c48a9e20"},
    {file = "mypy-1.11.0-cp312-cp312-macosx_11_0_arm64.whl", hash = "sha256:cea3d0fb69637944dd321f41bc896e11d0fb0b0aa531d887a6da70f6e7473aba"},
    {file = "mypy-1.11.0-cp312-cp312-manylinux_2_17_x86_64.manylinux2014_x86_64.manylinux_2_28_x86_64.whl", hash = "sha256:a83ec98ae12d51c252be61521aa5731f5512231d0b738b4cb2498344f0b840cd"},
    {file = "mypy-1.11.0-cp312-cp312-musllinux_1_1_x86_64.whl", hash = "sha256:c7b73a856522417beb78e0fb6d33ef89474e7a622db2653bc1285af36e2e3e3d"},
    {file = "mypy-1.11.0-cp312-cp312-win_amd64.whl", hash = "sha256:f2268d9fcd9686b61ab64f077be7ffbc6fbcdfb4103e5dd0cc5eaab53a8886c2"},
    {file = "mypy-1.11.0-py3-none-any.whl", hash = "sha256:56913ec8c7638b0091ef4da6fcc9136896914a9d60d54670a75880c3e5b99ace"},
    {file = "mypy-1.11.0.tar.gz", hash = "sha256:93743608c7348772fdc717af4aeee1997293a1ad04bc0ea6efa15bf65385c538"},
]

[[package]]
name = "mypy-extensions"
version = "1.0.0"
requires_python = ">=3.5"
summary = "Type system extensions for programs checked with the mypy type checker."
groups = ["dev"]
files = [
    {file = "mypy_extensions-1.0.0-py3-none-any.whl", hash = "sha256:4392f6c0eb8a5668a69e23d168ffa70f0be9ccfd32b5cc2d26a34ae5b844552d"},
    {file = "mypy_extensions-1.0.0.tar.gz", hash = "sha256:75dbf8955dc00442a438fc4d0666508a9a97b6bd41aa2f0ffe9d2f2725af0782"},
]

[[package]]
name = "nodeenv"
version = "1.9.1"
requires_python = "!=3.0.*,!=3.1.*,!=3.2.*,!=3.3.*,!=3.4.*,!=3.5.*,!=3.6.*,>=2.7"
summary = "Node.js virtual environment builder"
groups = ["dev"]
files = [
    {file = "nodeenv-1.9.1-py2.py3-none-any.whl", hash = "sha256:ba11c9782d29c27c70ffbdda2d7415098754709be8a7056d79a737cd901155c9"},
    {file = "nodeenv-1.9.1.tar.gz", hash = "sha256:6ec12890a2dab7946721edbfbcd91f3319c6ccc9aec47be7c7e6b7011ee6645f"},
]

[[package]]
name = "nox"
version = "2024.4.15"
requires_python = ">=3.7"
summary = "Flexible test automation."
groups = ["dev"]
dependencies = [
    "argcomplete<4.0,>=1.9.4",
    "colorlog<7.0.0,>=2.6.1",
    "importlib-metadata; python_version < \"3.8\"",
    "packaging>=20.9",
    "tomli>=1; python_version < \"3.11\"",
    "typing-extensions>=3.7.4; python_version < \"3.8\"",
    "virtualenv>=20.14.1",
]
files = [
    {file = "nox-2024.4.15-py3-none-any.whl", hash = "sha256:6492236efa15a460ecb98e7b67562a28b70da006ab0be164e8821177577c0565"},
    {file = "nox-2024.4.15.tar.gz", hash = "sha256:ecf6700199cdfa9e5ea0a41ff5e6ef4641d09508eda6edb89d9987864115817f"},
]

[[package]]
name = "numpy"
version = "2.0.1"
requires_python = ">=3.9"
summary = "Fundamental package for array computing in Python"
groups = ["default"]
files = [
    {file = "numpy-2.0.1-cp310-cp310-macosx_10_9_x86_64.whl", hash = "sha256:0fbb536eac80e27a2793ffd787895242b7f18ef792563d742c2d673bfcb75134"},
    {file = "numpy-2.0.1-cp310-cp310-macosx_11_0_arm64.whl", hash = "sha256:69ff563d43c69b1baba77af455dd0a839df8d25e8590e79c90fcbe1499ebde42"},
    {file = "numpy-2.0.1-cp310-cp310-macosx_14_0_arm64.whl", hash = "sha256:1b902ce0e0a5bb7704556a217c4f63a7974f8f43e090aff03fcf262e0b135e02"},
    {file = "numpy-2.0.1-cp310-cp310-macosx_14_0_x86_64.whl", hash = "sha256:f1659887361a7151f89e79b276ed8dff3d75877df906328f14d8bb40bb4f5101"},
    {file = "numpy-2.0.1-cp310-cp310-manylinux_2_17_aarch64.manylinux2014_aarch64.whl", hash = "sha256:4658c398d65d1b25e1760de3157011a80375da861709abd7cef3bad65d6543f9"},
    {file = "numpy-2.0.1-cp310-cp310-manylinux_2_17_x86_64.manylinux2014_x86_64.whl", hash = "sha256:4127d4303b9ac9f94ca0441138acead39928938660ca58329fe156f84b9f3015"},
    {file = "numpy-2.0.1-cp310-cp310-musllinux_1_1_x86_64.whl", hash = "sha256:e5eeca8067ad04bc8a2a8731183d51d7cbaac66d86085d5f4766ee6bf19c7f87"},
    {file = "numpy-2.0.1-cp310-cp310-musllinux_1_2_aarch64.whl", hash = "sha256:9adbd9bb520c866e1bfd7e10e1880a1f7749f1f6e5017686a5fbb9b72cf69f82"},
    {file = "numpy-2.0.1-cp310-cp310-win32.whl", hash = "sha256:7b9853803278db3bdcc6cd5beca37815b133e9e77ff3d4733c247414e78eb8d1"},
    {file = "numpy-2.0.1-cp310-cp310-win_amd64.whl", hash = "sha256:81b0893a39bc5b865b8bf89e9ad7807e16717f19868e9d234bdaf9b1f1393868"},
    {file = "numpy-2.0.1-cp311-cp311-macosx_10_9_x86_64.whl", hash = "sha256:75b4e316c5902d8163ef9d423b1c3f2f6252226d1aa5cd8a0a03a7d01ffc6268"},
    {file = "numpy-2.0.1-cp311-cp311-macosx_11_0_arm64.whl", hash = "sha256:6e4eeb6eb2fced786e32e6d8df9e755ce5be920d17f7ce00bc38fcde8ccdbf9e"},
    {file = "numpy-2.0.1-cp311-cp311-macosx_14_0_arm64.whl", hash = "sha256:a1e01dcaab205fbece13c1410253a9eea1b1c9b61d237b6fa59bcc46e8e89343"},
    {file = "numpy-2.0.1-cp311-cp311-macosx_14_0_x86_64.whl", hash = "sha256:a8fc2de81ad835d999113ddf87d1ea2b0f4704cbd947c948d2f5513deafe5a7b"},
    {file = "numpy-2.0.1-cp311-cp311-manylinux_2_17_aarch64.manylinux2014_aarch64.whl", hash = "sha256:5a3d94942c331dd4e0e1147f7a8699a4aa47dffc11bf8a1523c12af8b2e91bbe"},
    {file = "numpy-2.0.1-cp311-cp311-manylinux_2_17_x86_64.manylinux2014_x86_64.whl", hash = "sha256:15eb4eca47d36ec3f78cde0a3a2ee24cf05ca7396ef808dda2c0ddad7c2bde67"},
    {file = "numpy-2.0.1-cp311-cp311-musllinux_1_1_x86_64.whl", hash = "sha256:b83e16a5511d1b1f8a88cbabb1a6f6a499f82c062a4251892d9ad5d609863fb7"},
    {file = "numpy-2.0.1-cp311-cp311-musllinux_1_2_aarch64.whl", hash = "sha256:1f87fec1f9bc1efd23f4227becff04bd0e979e23ca50cc92ec88b38489db3b55"},
    {file = "numpy-2.0.1-cp311-cp311-win32.whl", hash = "sha256:36d3a9405fd7c511804dc56fc32974fa5533bdeb3cd1604d6b8ff1d292b819c4"},
    {file = "numpy-2.0.1-cp311-cp311-win_amd64.whl", hash = "sha256:08458fbf403bff5e2b45f08eda195d4b0c9b35682311da5a5a0a0925b11b9bd8"},
    {file = "numpy-2.0.1-cp312-cp312-macosx_10_9_x86_64.whl", hash = "sha256:6bf4e6f4a2a2e26655717a1983ef6324f2664d7011f6ef7482e8c0b3d51e82ac"},
    {file = "numpy-2.0.1-cp312-cp312-macosx_11_0_arm64.whl", hash = "sha256:7d6fddc5fe258d3328cd8e3d7d3e02234c5d70e01ebe377a6ab92adb14039cb4"},
    {file = "numpy-2.0.1-cp312-cp312-macosx_14_0_arm64.whl", hash = "sha256:5daab361be6ddeb299a918a7c0864fa8618af66019138263247af405018b04e1"},
    {file = "numpy-2.0.1-cp312-cp312-macosx_14_0_x86_64.whl", hash = "sha256:ea2326a4dca88e4a274ba3a4405eb6c6467d3ffbd8c7d38632502eaae3820587"},
    {file = "numpy-2.0.1-cp312-cp312-manylinux_2_17_aarch64.manylinux2014_aarch64.whl", hash = "sha256:529af13c5f4b7a932fb0e1911d3a75da204eff023ee5e0e79c1751564221a5c8"},
    {file = "numpy-2.0.1-cp312-cp312-manylinux_2_17_x86_64.manylinux2014_x86_64.whl", hash = "sha256:6790654cb13eab303d8402354fabd47472b24635700f631f041bd0b65e37298a"},
    {file = "numpy-2.0.1-cp312-cp312-musllinux_1_1_x86_64.whl", hash = "sha256:cbab9fc9c391700e3e1287666dfd82d8666d10e69a6c4a09ab97574c0b7ee0a7"},
    {file = "numpy-2.0.1-cp312-cp312-musllinux_1_2_aarch64.whl", hash = "sha256:99d0d92a5e3613c33a5f01db206a33f8fdf3d71f2912b0de1739894668b7a93b"},
    {file = "numpy-2.0.1-cp312-cp312-win32.whl", hash = "sha256:173a00b9995f73b79eb0191129f2455f1e34c203f559dd118636858cc452a1bf"},
    {file = "numpy-2.0.1-cp312-cp312-win_amd64.whl", hash = "sha256:bb2124fdc6e62baae159ebcfa368708867eb56806804d005860b6007388df171"},
    {file = "numpy-2.0.1.tar.gz", hash = "sha256:485b87235796410c3519a699cfe1faab097e509e90ebb05dcd098db2ae87e7b3"},
]

[[package]]
name = "packaging"
version = "24.1"
requires_python = ">=3.8"
summary = "Core utilities for Python packages"
groups = ["dev"]
files = [
    {file = "packaging-24.1-py3-none-any.whl", hash = "sha256:5b8f2217dbdbd2f7f384c41c628544e6d52f2d0f53c6d0c3ea61aa5d1d7ff124"},
    {file = "packaging-24.1.tar.gz", hash = "sha256:026ed72c8ed3fcce5bf8950572258698927fd1dbda10a5e981cdf0ac37f4f002"},
]

[[package]]
name = "pandas"
version = "2.2.2"
requires_python = ">=3.9"
summary = "Powerful data structures for data analysis, time series, and statistics"
groups = ["default"]
dependencies = [
    "numpy>=1.22.4; python_version < \"3.11\"",
    "numpy>=1.23.2; python_version == \"3.11\"",
    "numpy>=1.26.0; python_version >= \"3.12\"",
    "python-dateutil>=2.8.2",
    "pytz>=2020.1",
    "tzdata>=2022.7",
]
files = [
    {file = "pandas-2.2.2-cp310-cp310-macosx_10_9_x86_64.whl", hash = "sha256:90c6fca2acf139569e74e8781709dccb6fe25940488755716d1d354d6bc58bce"},
    {file = "pandas-2.2.2-cp310-cp310-macosx_11_0_arm64.whl", hash = "sha256:c7adfc142dac335d8c1e0dcbd37eb8617eac386596eb9e1a1b77791cf2498238"},
    {file = "pandas-2.2.2-cp310-cp310-manylinux_2_17_aarch64.manylinux2014_aarch64.whl", hash = "sha256:4abfe0be0d7221be4f12552995e58723c7422c80a659da13ca382697de830c08"},
    {file = "pandas-2.2.2-cp310-cp310-manylinux_2_17_x86_64.manylinux2014_x86_64.whl", hash = "sha256:8635c16bf3d99040fdf3ca3db669a7250ddf49c55dc4aa8fe0ae0fa8d6dcc1f0"},
    {file = "pandas-2.2.2-cp310-cp310-musllinux_1_1_aarch64.whl", hash = "sha256:40ae1dffb3967a52203105a077415a86044a2bea011b5f321c6aa64b379a3f51"},
    {file = "pandas-2.2.2-cp310-cp310-musllinux_1_1_x86_64.whl", hash = "sha256:8e5a0b00e1e56a842f922e7fae8ae4077aee4af0acb5ae3622bd4b4c30aedf99"},
    {file = "pandas-2.2.2-cp310-cp310-win_amd64.whl", hash = "sha256:ddf818e4e6c7c6f4f7c8a12709696d193976b591cc7dc50588d3d1a6b5dc8772"},
    {file = "pandas-2.2.2-cp311-cp311-macosx_10_9_x86_64.whl", hash = "sha256:696039430f7a562b74fa45f540aca068ea85fa34c244d0deee539cb6d70aa288"},
    {file = "pandas-2.2.2-cp311-cp311-macosx_11_0_arm64.whl", hash = "sha256:8e90497254aacacbc4ea6ae5e7a8cd75629d6ad2b30025a4a8b09aa4faf55151"},
    {file = "pandas-2.2.2-cp311-cp311-manylinux_2_17_aarch64.manylinux2014_aarch64.whl", hash = "sha256:58b84b91b0b9f4bafac2a0ac55002280c094dfc6402402332c0913a59654ab2b"},
    {file = "pandas-2.2.2-cp311-cp311-manylinux_2_17_x86_64.manylinux2014_x86_64.whl", hash = "sha256:6d2123dc9ad6a814bcdea0f099885276b31b24f7edf40f6cdbc0912672e22eee"},
    {file = "pandas-2.2.2-cp311-cp311-musllinux_1_1_aarch64.whl", hash = "sha256:2925720037f06e89af896c70bca73459d7e6a4be96f9de79e2d440bd499fe0db"},
    {file = "pandas-2.2.2-cp311-cp311-musllinux_1_1_x86_64.whl", hash = "sha256:0cace394b6ea70c01ca1595f839cf193df35d1575986e484ad35c4aeae7266c1"},
    {file = "pandas-2.2.2-cp311-cp311-win_amd64.whl", hash = "sha256:873d13d177501a28b2756375d59816c365e42ed8417b41665f346289adc68d24"},
    {file = "pandas-2.2.2-cp312-cp312-macosx_10_9_x86_64.whl", hash = "sha256:9dfde2a0ddef507a631dc9dc4af6a9489d5e2e740e226ad426a05cabfbd7c8ef"},
    {file = "pandas-2.2.2-cp312-cp312-macosx_11_0_arm64.whl", hash = "sha256:e9b79011ff7a0f4b1d6da6a61aa1aa604fb312d6647de5bad20013682d1429ce"},
    {file = "pandas-2.2.2-cp312-cp312-manylinux_2_17_aarch64.manylinux2014_aarch64.whl", hash = "sha256:1cb51fe389360f3b5a4d57dbd2848a5f033350336ca3b340d1c53a1fad33bcad"},
    {file = "pandas-2.2.2-cp312-cp312-manylinux_2_17_x86_64.manylinux2014_x86_64.whl", hash = "sha256:eee3a87076c0756de40b05c5e9a6069c035ba43e8dd71c379e68cab2c20f16ad"},
    {file = "pandas-2.2.2-cp312-cp312-musllinux_1_1_aarch64.whl", hash = "sha256:3e374f59e440d4ab45ca2fffde54b81ac3834cf5ae2cdfa69c90bc03bde04d76"},
    {file = "pandas-2.2.2-cp312-cp312-musllinux_1_1_x86_64.whl", hash = "sha256:43498c0bdb43d55cb162cdc8c06fac328ccb5d2eabe3cadeb3529ae6f0517c32"},
    {file = "pandas-2.2.2-cp312-cp312-win_amd64.whl", hash = "sha256:d187d355ecec3629624fccb01d104da7d7f391db0311145817525281e2804d23"},
    {file = "pandas-2.2.2.tar.gz", hash = "sha256:9e79019aba43cb4fda9e4d983f8e88ca0373adbb697ae9c6c43093218de28b54"},
]

[[package]]
name = "platformdirs"
version = "4.2.2"
requires_python = ">=3.8"
summary = "A small Python package for determining appropriate platform-specific dirs, e.g. a `user data dir`."
groups = ["dev"]
files = [
    {file = "platformdirs-4.2.2-py3-none-any.whl", hash = "sha256:2d7a1657e36a80ea911db832a8a6ece5ee53d8de21edd5cc5879af6530b1bfee"},
    {file = "platformdirs-4.2.2.tar.gz", hash = "sha256:38b7b51f512eed9e84a22788b4bce1de17c0adb134d6becb09836e37d8654cd3"},
]

[[package]]
name = "pluggy"
version = "1.5.0"
requires_python = ">=3.8"
summary = "plugin and hook calling mechanisms for python"
groups = ["dev"]
files = [
    {file = "pluggy-1.5.0-py3-none-any.whl", hash = "sha256:44e1ad92c8ca002de6377e165f3e0f1be63266ab4d554740532335b9d75ea669"},
    {file = "pluggy-1.5.0.tar.gz", hash = "sha256:2cffa88e94fdc978c4c574f15f9e59b7f4201d439195c3715ca9e2486f1d0cf1"},
]

[[package]]
name = "pre-commit"
version = "3.7.1"
requires_python = ">=3.9"
summary = "A framework for managing and maintaining multi-language pre-commit hooks."
groups = ["dev"]
dependencies = [
    "cfgv>=2.0.0",
    "identify>=1.0.0",
    "nodeenv>=0.11.1",
    "pyyaml>=5.1",
    "virtualenv>=20.10.0",
]
files = [
    {file = "pre_commit-3.7.1-py2.py3-none-any.whl", hash = "sha256:fae36fd1d7ad7d6a5a1c0b0d5adb2ed1a3bda5a21bf6c3e5372073d7a11cd4c5"},
    {file = "pre_commit-3.7.1.tar.gz", hash = "sha256:8ca3ad567bc78a4972a3f1a477e94a79d4597e8140a6e0b651c5e33899c3654a"},
]

[[package]]
name = "pytest"
version = "8.3.2"
requires_python = ">=3.8"
summary = "pytest: simple powerful testing with Python"
groups = ["dev"]
dependencies = [
    "colorama; sys_platform == \"win32\"",
    "exceptiongroup>=1.0.0rc8; python_version < \"3.11\"",
    "iniconfig",
    "packaging",
    "pluggy<2,>=1.5",
    "tomli>=1; python_version < \"3.11\"",
]
files = [
    {file = "pytest-8.3.2-py3-none-any.whl", hash = "sha256:4ba08f9ae7dcf84ded419494d229b48d0903ea6407b030eaec46df5e6a73bba5"},
    {file = "pytest-8.3.2.tar.gz", hash = "sha256:c132345d12ce551242c87269de812483f5bcc87cdbb4722e48487ba194f9fdce"},
]

[[package]]
name = "python-dateutil"
version = "2.9.0.post0"
requires_python = "!=3.0.*,!=3.1.*,!=3.2.*,>=2.7"
summary = "Extensions to the standard Python datetime module"
groups = ["default"]
dependencies = [
    "six>=1.5",
]
files = [
    {file = "python-dateutil-2.9.0.post0.tar.gz", hash = "sha256:37dd54208da7e1cd875388217d5e00ebd4179249f90fb72437e91a35459a0ad3"},
    {file = "python_dateutil-2.9.0.post0-py2.py3-none-any.whl", hash = "sha256:a8b2bc7bffae282281c8140a97d3aa9c14da0b136dfe83f850eea9a5f7470427"},
]

[[package]]
name = "pytz"
version = "2024.1"
summary = "World timezone definitions, modern and historical"
groups = ["default"]
files = [
    {file = "pytz-2024.1-py2.py3-none-any.whl", hash = "sha256:328171f4e3623139da4983451950b28e95ac706e13f3f2630a879749e7a8b319"},
    {file = "pytz-2024.1.tar.gz", hash = "sha256:2a29735ea9c18baf14b448846bde5a48030ed267578472d8955cd0e7443a9812"},
]

[[package]]
name = "pyyaml"
version = "6.0.1"
requires_python = ">=3.6"
summary = "YAML parser and emitter for Python"
groups = ["dev"]
files = [
    {file = "PyYAML-6.0.1-cp310-cp310-macosx_10_9_x86_64.whl", hash = "sha256:d858aa552c999bc8a8d57426ed01e40bef403cd8ccdd0fc5f6f04a00414cac2a"},
    {file = "PyYAML-6.0.1-cp310-cp310-macosx_11_0_arm64.whl", hash = "sha256:fd66fc5d0da6d9815ba2cebeb4205f95818ff4b79c3ebe268e75d961704af52f"},
    {file = "PyYAML-6.0.1-cp310-cp310-manylinux_2_17_aarch64.manylinux2014_aarch64.whl", hash = "sha256:69b023b2b4daa7548bcfbd4aa3da05b3a74b772db9e23b982788168117739938"},
    {file = "PyYAML-6.0.1-cp310-cp310-manylinux_2_17_s390x.manylinux2014_s390x.whl", hash = "sha256:81e0b275a9ecc9c0c0c07b4b90ba548307583c125f54d5b6946cfee6360c733d"},
    {file = "PyYAML-6.0.1-cp310-cp310-manylinux_2_17_x86_64.manylinux2014_x86_64.whl", hash = "sha256:ba336e390cd8e4d1739f42dfe9bb83a3cc2e80f567d8805e11b46f4a943f5515"},
    {file = "PyYAML-6.0.1-cp310-cp310-musllinux_1_1_x86_64.whl", hash = "sha256:326c013efe8048858a6d312ddd31d56e468118ad4cdeda36c719bf5bb6192290"},
    {file = "PyYAML-6.0.1-cp310-cp310-win32.whl", hash = "sha256:bd4af7373a854424dabd882decdc5579653d7868b8fb26dc7d0e99f823aa5924"},
    {file = "PyYAML-6.0.1-cp310-cp310-win_amd64.whl", hash = "sha256:fd1592b3fdf65fff2ad0004b5e363300ef59ced41c2e6b3a99d4089fa8c5435d"},
    {file = "PyYAML-6.0.1-cp311-cp311-macosx_10_9_x86_64.whl", hash = "sha256:6965a7bc3cf88e5a1c3bd2e0b5c22f8d677dc88a455344035f03399034eb3007"},
    {file = "PyYAML-6.0.1-cp311-cp311-macosx_11_0_arm64.whl", hash = "sha256:f003ed9ad21d6a4713f0a9b5a7a0a79e08dd0f221aff4525a2be4c346ee60aab"},
    {file = "PyYAML-6.0.1-cp311-cp311-manylinux_2_17_aarch64.manylinux2014_aarch64.whl", hash = "sha256:42f8152b8dbc4fe7d96729ec2b99c7097d656dc1213a3229ca5383f973a5ed6d"},
    {file = "PyYAML-6.0.1-cp311-cp311-manylinux_2_17_s390x.manylinux2014_s390x.whl", hash = "sha256:062582fca9fabdd2c8b54a3ef1c978d786e0f6b3a1510e0ac93ef59e0ddae2bc"},
    {file = "PyYAML-6.0.1-cp311-cp311-manylinux_2_17_x86_64.manylinux2014_x86_64.whl", hash = "sha256:d2b04aac4d386b172d5b9692e2d2da8de7bfb6c387fa4f801fbf6fb2e6ba4673"},
    {file = "PyYAML-6.0.1-cp311-cp311-musllinux_1_1_x86_64.whl", hash = "sha256:e7d73685e87afe9f3b36c799222440d6cf362062f78be1013661b00c5c6f678b"},
    {file = "PyYAML-6.0.1-cp311-cp311-win32.whl", hash = "sha256:1635fd110e8d85d55237ab316b5b011de701ea0f29d07611174a1b42f1444741"},
    {file = "PyYAML-6.0.1-cp311-cp311-win_amd64.whl", hash = "sha256:bf07ee2fef7014951eeb99f56f39c9bb4af143d8aa3c21b1677805985307da34"},
    {file = "PyYAML-6.0.1-cp312-cp312-macosx_10_9_x86_64.whl", hash = "sha256:855fb52b0dc35af121542a76b9a84f8d1cd886ea97c84703eaa6d88e37a2ad28"},
    {file = "PyYAML-6.0.1-cp312-cp312-macosx_11_0_arm64.whl", hash = "sha256:40df9b996c2b73138957fe23a16a4f0ba614f4c0efce1e9406a184b6d07fa3a9"},
    {file = "PyYAML-6.0.1-cp312-cp312-manylinux_2_17_aarch64.manylinux2014_aarch64.whl", hash = "sha256:a08c6f0fe150303c1c6b71ebcd7213c2858041a7e01975da3a99aed1e7a378ef"},
    {file = "PyYAML-6.0.1-cp312-cp312-manylinux_2_17_x86_64.manylinux2014_x86_64.whl", hash = "sha256:6c22bec3fbe2524cde73d7ada88f6566758a8f7227bfbf93a408a9d86bcc12a0"},
    {file = "PyYAML-6.0.1-cp312-cp312-musllinux_1_1_x86_64.whl", hash = "sha256:8d4e9c88387b0f5c7d5f281e55304de64cf7f9c0021a3525bd3b1c542da3b0e4"},
    {file = "PyYAML-6.0.1-cp312-cp312-win32.whl", hash = "sha256:d483d2cdf104e7c9fa60c544d92981f12ad66a457afae824d146093b8c294c54"},
    {file = "PyYAML-6.0.1-cp312-cp312-win_amd64.whl", hash = "sha256:0d3304d8c0adc42be59c5f8a4d9e3d7379e6955ad754aa9d6ab7a398b59dd1df"},
    {file = "PyYAML-6.0.1.tar.gz", hash = "sha256:bfdf460b1736c775f2ba9f6a92bca30bc2095067b8a9d77876d1fad6cc3b4a43"},
]

[[package]]
name = "ruff"
version = "0.5.5"
requires_python = ">=3.7"
summary = "An extremely fast Python linter and code formatter, written in Rust."
groups = ["dev"]
files = [
    {file = "ruff-0.5.5-py3-none-linux_armv6l.whl", hash = "sha256:605d589ec35d1da9213a9d4d7e7a9c761d90bba78fc8790d1c5e65026c1b9eaf"},
    {file = "ruff-0.5.5-py3-none-macosx_10_12_x86_64.whl", hash = "sha256:00817603822a3e42b80f7c3298c8269e09f889ee94640cd1fc7f9329788d7bf8"},
    {file = "ruff-0.5.5-py3-none-macosx_11_0_arm64.whl", hash = "sha256:187a60f555e9f865a2ff2c6984b9afeffa7158ba6e1eab56cb830404c942b0f3"},
    {file = "ruff-0.5.5-py3-none-manylinux_2_17_aarch64.manylinux2014_aarch64.whl", hash = "sha256:fe26fc46fa8c6e0ae3f47ddccfbb136253c831c3289bba044befe68f467bfb16"},
    {file = "ruff-0.5.5-py3-none-manylinux_2_17_armv7l.manylinux2014_armv7l.whl", hash = "sha256:4ad25dd9c5faac95c8e9efb13e15803cd8bbf7f4600645a60ffe17c73f60779b"},
    {file = "ruff-0.5.5-py3-none-manylinux_2_17_i686.manylinux2014_i686.whl", hash = "sha256:f70737c157d7edf749bcb952d13854e8f745cec695a01bdc6e29c29c288fc36e"},
    {file = "ruff-0.5.5-py3-none-manylinux_2_17_ppc64.manylinux2014_ppc64.whl", hash = "sha256:cfd7de17cef6ab559e9f5ab859f0d3296393bc78f69030967ca4d87a541b97a0"},
    {file = "ruff-0.5.5-py3-none-manylinux_2_17_ppc64le.manylinux2014_ppc64le.whl", hash = "sha256:a09b43e02f76ac0145f86a08e045e2ea452066f7ba064fd6b0cdccb486f7c3e7"},
    {file = "ruff-0.5.5-py3-none-manylinux_2_17_s390x.manylinux2014_s390x.whl", hash = "sha256:d0b856cb19c60cd40198be5d8d4b556228e3dcd545b4f423d1ad812bfdca5884"},
    {file = "ruff-0.5.5-py3-none-manylinux_2_17_x86_64.manylinux2014_x86_64.whl", hash = "sha256:3687d002f911e8a5faf977e619a034d159a8373514a587249cc00f211c67a091"},
    {file = "ruff-0.5.5-py3-none-musllinux_1_2_aarch64.whl", hash = "sha256:ac9dc814e510436e30d0ba535f435a7f3dc97f895f844f5b3f347ec8c228a523"},
    {file = "ruff-0.5.5-py3-none-musllinux_1_2_armv7l.whl", hash = "sha256:af9bdf6c389b5add40d89b201425b531e0a5cceb3cfdcc69f04d3d531c6be74f"},
    {file = "ruff-0.5.5-py3-none-musllinux_1_2_i686.whl", hash = "sha256:d40a8533ed545390ef8315b8e25c4bb85739b90bd0f3fe1280a29ae364cc55d8"},
    {file = "ruff-0.5.5-py3-none-musllinux_1_2_x86_64.whl", hash = "sha256:cab904683bf9e2ecbbe9ff235bfe056f0eba754d0168ad5407832928d579e7ab"},
    {file = "ruff-0.5.5-py3-none-win32.whl", hash = "sha256:696f18463b47a94575db635ebb4c178188645636f05e934fdf361b74edf1bb2d"},
    {file = "ruff-0.5.5-py3-none-win_amd64.whl", hash = "sha256:50f36d77f52d4c9c2f1361ccbfbd09099a1b2ea5d2b2222c586ab08885cf3445"},
    {file = "ruff-0.5.5-py3-none-win_arm64.whl", hash = "sha256:3191317d967af701f1b73a31ed5788795936e423b7acce82a2b63e26eb3e89d6"},
    {file = "ruff-0.5.5.tar.gz", hash = "sha256:cc5516bdb4858d972fbc31d246bdb390eab8df1a26e2353be2dbc0c2d7f5421a"},
]

[[package]]
name = "scipy"
version = "1.14.0"
requires_python = ">=3.10"
summary = "Fundamental algorithms for scientific computing in Python"
groups = ["default"]
dependencies = [
    "numpy<2.3,>=1.23.5",
]
files = [
    {file = "scipy-1.14.0-cp310-cp310-macosx_10_9_x86_64.whl", hash = "sha256:7e911933d54ead4d557c02402710c2396529540b81dd554fc1ba270eb7308484"},
    {file = "scipy-1.14.0-cp310-cp310-macosx_12_0_arm64.whl", hash = "sha256:687af0a35462402dd851726295c1a5ae5f987bd6e9026f52e9505994e2f84ef6"},
    {file = "scipy-1.14.0-cp310-cp310-macosx_14_0_arm64.whl", hash = "sha256:07e179dc0205a50721022344fb85074f772eadbda1e1b3eecdc483f8033709b7"},
    {file = "scipy-1.14.0-cp310-cp310-macosx_14_0_x86_64.whl", hash = "sha256:6a9c9a9b226d9a21e0a208bdb024c3982932e43811b62d202aaf1bb59af264b1"},
    {file = "scipy-1.14.0-cp310-cp310-manylinux_2_17_aarch64.manylinux2014_aarch64.whl", hash = "sha256:076c27284c768b84a45dcf2e914d4000aac537da74236a0d45d82c6fa4b7b3c0"},
    {file = "scipy-1.14.0-cp310-cp310-manylinux_2_17_x86_64.manylinux2014_x86_64.whl", hash = "sha256:42470ea0195336df319741e230626b6225a740fd9dce9642ca13e98f667047c0"},
    {file = "scipy-1.14.0-cp310-cp310-musllinux_1_1_x86_64.whl", hash = "sha256:176c6f0d0470a32f1b2efaf40c3d37a24876cebf447498a4cefb947a79c21e9d"},
    {file = "scipy-1.14.0-cp310-cp310-win_amd64.whl", hash = "sha256:ad36af9626d27a4326c8e884917b7ec321d8a1841cd6dacc67d2a9e90c2f0359"},
    {file = "scipy-1.14.0-cp311-cp311-macosx_10_9_x86_64.whl", hash = "sha256:6d056a8709ccda6cf36cdd2eac597d13bc03dba38360f418560a93050c76a16e"},
    {file = "scipy-1.14.0-cp311-cp311-macosx_12_0_arm64.whl", hash = "sha256:f0a50da861a7ec4573b7c716b2ebdcdf142b66b756a0d392c236ae568b3a93fb"},
    {file = "scipy-1.14.0-cp311-cp311-macosx_14_0_arm64.whl", hash = "sha256:94c164a9e2498e68308e6e148646e486d979f7fcdb8b4cf34b5441894bdb9caf"},
    {file = "scipy-1.14.0-cp311-cp311-macosx_14_0_x86_64.whl", hash = "sha256:a7d46c3e0aea5c064e734c3eac5cf9eb1f8c4ceee756262f2c7327c4c2691c86"},
    {file = "scipy-1.14.0-cp311-cp311-manylinux_2_17_aarch64.manylinux2014_aarch64.whl", hash = "sha256:9eee2989868e274aae26125345584254d97c56194c072ed96cb433f32f692ed8"},
    {file = "scipy-1.14.0-cp311-cp311-manylinux_2_17_x86_64.manylinux2014_x86_64.whl", hash = "sha256:9e3154691b9f7ed73778d746da2df67a19d046a6c8087c8b385bc4cdb2cfca74"},
    {file = "scipy-1.14.0-cp311-cp311-musllinux_1_1_x86_64.whl", hash = "sha256:c40003d880f39c11c1edbae8144e3813904b10514cd3d3d00c277ae996488cdb"},
    {file = "scipy-1.14.0-cp311-cp311-win_amd64.whl", hash = "sha256:5b083c8940028bb7e0b4172acafda6df762da1927b9091f9611b0bcd8676f2bc"},
    {file = "scipy-1.14.0-cp312-cp312-macosx_10_9_x86_64.whl", hash = "sha256:bff2438ea1330e06e53c424893ec0072640dac00f29c6a43a575cbae4c99b2b9"},
    {file = "scipy-1.14.0-cp312-cp312-macosx_12_0_arm64.whl", hash = "sha256:bbc0471b5f22c11c389075d091d3885693fd3f5e9a54ce051b46308bc787e5d4"},
    {file = "scipy-1.14.0-cp312-cp312-macosx_14_0_arm64.whl", hash = "sha256:64b2ff514a98cf2bb734a9f90d32dc89dc6ad4a4a36a312cd0d6327170339eb0"},
    {file = "scipy-1.14.0-cp312-cp312-macosx_14_0_x86_64.whl", hash = "sha256:7d3da42fbbbb860211a811782504f38ae7aaec9de8764a9bef6b262de7a2b50f"},
    {file = "scipy-1.14.0-cp312-cp312-manylinux_2_17_aarch64.manylinux2014_aarch64.whl", hash = "sha256:d91db2c41dd6c20646af280355d41dfa1ec7eead235642178bd57635a3f82209"},
    {file = "scipy-1.14.0-cp312-cp312-manylinux_2_17_x86_64.manylinux2014_x86_64.whl", hash = "sha256:a01cc03bcdc777c9da3cfdcc74b5a75caffb48a6c39c8450a9a05f82c4250a14"},
    {file = "scipy-1.14.0-cp312-cp312-musllinux_1_1_x86_64.whl", hash = "sha256:65df4da3c12a2bb9ad52b86b4dcf46813e869afb006e58be0f516bc370165159"},
    {file = "scipy-1.14.0-cp312-cp312-win_amd64.whl", hash = "sha256:4c4161597c75043f7154238ef419c29a64ac4a7c889d588ea77690ac4d0d9b20"},
    {file = "scipy-1.14.0.tar.gz", hash = "sha256:b5923f48cb840380f9854339176ef21763118a7300a88203ccd0bdd26e58527b"},
]

[[package]]
name = "six"
version = "1.16.0"
requires_python = ">=2.7, !=3.0.*, !=3.1.*, !=3.2.*"
summary = "Python 2 and 3 compatibility utilities"
groups = ["default"]
files = [
    {file = "six-1.16.0-py2.py3-none-any.whl", hash = "sha256:8abb2f1d86890a2dfb989f9a77cfcfd3e47c2a354b01111771326f8aa26e0254"},
    {file = "six-1.16.0.tar.gz", hash = "sha256:1e61c37477a1626458e36f7b1d82aa5c9b094fa4802892072e49de9c60c4c926"},
]

[[package]]
name = "tomli"
version = "2.0.1"
requires_python = ">=3.7"
summary = "A lil' TOML parser"
groups = ["default", "dev"]
marker = "python_version < \"3.11\""
files = [
    {file = "tomli-2.0.1-py3-none-any.whl", hash = "sha256:939de3e7a6161af0c887ef91b7d41a53e7c5a1ca976325f429cb46ea9bc30ecc"},
    {file = "tomli-2.0.1.tar.gz", hash = "sha256:de526c12914f0c550d15924c62d72abc48d6fe7364aa87328337a31007fe8a4f"},
]

[[package]]
name = "typing-extensions"
version = "4.12.2"
requires_python = ">=3.8"
summary = "Backported and Experimental Type Hints for Python 3.8+"
groups = ["dev"]
files = [
    {file = "typing_extensions-4.12.2-py3-none-any.whl", hash = "sha256:04e5ca0351e0f3f85c6853954072df659d0d13fac324d0072316b67d7794700d"},
    {file = "typing_extensions-4.12.2.tar.gz", hash = "sha256:1a7ead55c7e559dd4dee8856e3a88b41225abfe1ce8df57b7c13915fe121ffb8"},
]

[[package]]
name = "tzdata"
version = "2024.1"
requires_python = ">=2"
summary = "Provider of IANA time zone data"
groups = ["default"]
files = [
    {file = "tzdata-2024.1-py2.py3-none-any.whl", hash = "sha256:9068bc196136463f5245e51efda838afa15aaeca9903f49050dfa2679db4d252"},
    {file = "tzdata-2024.1.tar.gz", hash = "sha256:2674120f8d891909751c38abcdfd386ac0a5a1127954fbc332af6b5ceae07efd"},
]

[[package]]
name = "virtualenv"
version = "20.26.3"
requires_python = ">=3.7"
summary = "Virtual Python Environment builder"
groups = ["dev"]
dependencies = [
    "distlib<1,>=0.3.7",
    "filelock<4,>=3.12.2",
    "importlib-metadata>=6.6; python_version < \"3.8\"",
    "platformdirs<5,>=3.9.1",
]
files = [
    {file = "virtualenv-20.26.3-py3-none-any.whl", hash = "sha256:8cc4a31139e796e9a7de2cd5cf2489de1217193116a8fd42328f1bd65f434589"},
    {file = "virtualenv-20.26.3.tar.gz", hash = "sha256:4c43a2a236279d9ea36a0d76f98d84bd6ca94ac4e0f4a3b9d46d05e10fea542a"},
]
