# generated by rye
# use `rye lock` or `rye sync` to update this lockfile
#
# last locked with the following flags:
#   pre: false
#   features: []
#   all-features: false
#   with-sources: false
#   generate-hashes: false
#   universal: false

-e file:.
aiohttp==3.9.5
    # via pqapi
aiosignal==1.3.1
    # via aiohttp
annotated-types==0.7.0
    # via pydantic
anyio==4.4.0
    # via httpx
    # via openai
astroid==3.2.3
    # via pylint
asttokens==2.4.1
    # via stack-data
attrs==23.2.0
    # via aiohttp
certifi==2024.7.4
    # via httpcore
    # via httpx
    # via requests
cfgv==3.4.0
    # via pre-commit
charset-normalizer==3.3.2
    # via requests
click==8.1.7
coverage==7.6.0
    # via pytest-cov
decorator==5.1.1
    # via ipython
dill==0.3.8
    # via pylint
distlib==0.3.8
    # via virtualenv
distro==1.9.0
    # via openai
execnet==2.1.1
    # via pytest-xdist
executing==2.0.1
    # via stack-data
filelock==3.15.4
    # via virtualenv
frozenlist==1.4.1
    # via aiohttp
    # via aiosignal
h11==0.14.0
    # via httpcore
html2text==2024.2.26
    # via paper-qa
httpcore==1.0.5
    # via httpx
httpx==0.27.0
    # via openai
identify==2.6.0
    # via pre-commit
idna==3.7
    # via anyio
    # via httpx
    # via requests
    # via yarl
iniconfig==2.0.0
    # via pytest
ipython==8.26.0
isort==5.13.2
    # via pylint
jedi==0.19.1
    # via ipython
matplotlib-inline==0.1.7
    # via ipython
mccabe==0.7.0
    # via pylint
multidict==6.0.5
    # via aiohttp
    # via yarl
mypy==1.11.0
    # via refurb
mypy-extensions==1.0.0
    # via mypy
nodeenv==1.9.1
    # via pre-commit
numpy==2.0.0
    # via paper-qa
openai==1.36.0
    # via paper-qa
packaging==24.1
    # via pytest
    # via pytest-sugar
paper-qa==4.9.0
    # via pqapi
parso==0.8.4
    # via jedi
pexpect==4.9.0
    # via ipython
platformdirs==4.2.2
    # via pylint
    # via virtualenv
pluggy==1.5.0
    # via pytest
pre-commit==3.7.1
prompt-toolkit==3.0.47
    # via ipython
ptyprocess==0.7.0
    # via pexpect
pure-eval==0.2.2
    # via stack-data
pycryptodome==3.20.0
    # via paper-qa
pydantic==2.8.2
    # via openai
    # via paper-qa
    # via pqapi
    # via pylint-pydantic
pydantic-core==2.20.1
    # via pydantic
pygments==2.18.0
    # via ipython
pylint==3.2.5
    # via pylint-plugin-utils
    # via pylint-pydantic
pylint-plugin-utils==0.8.2
    # via pylint-pydantic
pylint-pydantic==0.3.2
pypdf==4.3.0
    # via paper-qa
pytest==8.2.2
    # via pytest-asyncio
    # via pytest-cov
    # via pytest-sugar
    # via pytest-xdist
pytest-asyncio==0.23.8
pytest-cov==5.0.0
pytest-sugar==1.0.0
pytest-xdist==3.6.1
pyyaml==6.0.1
    # via pre-commit
refurb==2.0.0
regex==2024.5.15
    # via tiktoken
requests==2.32.3
    # via pqapi
    # via tiktoken
six==1.16.0
    # via asttokens
sniffio==1.3.1
    # via anyio
    # via httpx
    # via openai
stack-data==0.6.3
    # via ipython
tenacity==8.5.0
    # via pqapi
termcolor==2.4.0
    # via pytest-sugar
tiktoken==0.7.0
    # via paper-qa
tomlkit==0.13.0
    # via pylint
tqdm==4.66.4
    # via openai
traitlets==5.14.3
    # via ipython
    # via matplotlib-inline
types-requests==2.32.0.20240712
typing-extensions==4.12.2
    # via mypy
    # via openai
    # via pydantic
    # via pydantic-core
urllib3==2.2.2
    # via requests
    # via types-requests
virtualenv==20.26.3
    # via pre-commit
wcwidth==0.2.13
    # via prompt-toolkit
yarl==1.9.4
    # via aiohttp
